
Microsoft Visual Studio Solution File, Format Version 12.00
# Visual Studio Version 17
VisualStudioVersion = 17.11.35222.181
MinimumVisualStudioVersion = 10.0.40219.1
Project("{FAE04EC0-301F-11D3-BF4B-00C04F79EFBC}") = "GunavathiMedicalShop", "GunavathiMedicalShop\GunavathiMedicalShop.csproj", "{524A9B1C-8130-41E1-8DE0-BFAA352CD73A}"
EndProject
Global
	GlobalSection(SolutionConfigurationPlatforms) = preSolution
		Debug|Any CPU = Debug|Any CPU
		Release|Any CPU = Release|Any CPU
	EndGlobalSection
	GlobalSection(ProjectConfigurationPlatforms) = postSolution
		{524A9B1C-8130-41E1-8DE0-BFAA352CD73A}.Debug|Any CPU.ActiveCfg = Debug|Any CPU
		{524A9B1C-8130-41E1-8DE0-BFAA352CD73A}.Debug|Any CPU.Build.0 = Debug|Any CPU
		{524A9B1C-8130-41E1-8DE0-BFAA352CD73A}.Release|Any CPU.ActiveCfg = Release|Any CPU
		{524A9B1C-8130-41E1-8DE0-BFAA352CD73A}.Release|Any CPU.Build.0 = Release|Any CPU
	EndGlobalSection
	GlobalSection(SolutionProperties) = preSolution
		HideSolutionNode = FALSE
	EndGlobalSection
	GlobalSection(ExtensibilityGlobals) = postSolution
		SolutionGuid = {6FCF5BDA-AD04-4F6A-B2D2-C384BDF85602}
	EndGlobalSection
EndGlobal
